
Microsoft Visual Studio Solution File, Format Version 12.00
# Visual Studio 15
VisualStudioVersion = 15.0.26403.3
MinimumVisualStudioVersion = 10.0.40219.1
Project("{FAE04EC0-301F-11D3-BF4B-00C04F79EFBC}") = "ExcelToSQLScripts", "ExcelToSQLScripts\ExcelToSQLScripts.csproj", "{FEFCBE2A-871F-4D65-9601-5AC3047E64CC}"
EndProject
Project("{FAE04EC0-301F-11D3-BF4B-00C04F79EFBC}") = "Tests", "Tests\Tests.csproj", "{3A6E657C-1525-4EE0-8C8D-BF698FE9850D}"
EndProject
Global
	GlobalSection(SolutionConfigurationPlatforms) = preSolution
		Debug|Any CPU = Debug|Any CPU
		Release|Any CPU = Release|Any CPU
	EndGlobalSection
	GlobalSection(ProjectConfigurationPlatforms) = postSolution
		{FEFCBE2A-871F-4D65-9601-5AC3047E64CC}.Debug|Any CPU.ActiveCfg = Debug|Any CPU
		{FEFCBE2A-871F-4D65-9601-5AC3047E64CC}.Debug|Any CPU.Build.0 = Debug|Any CPU
		{FEFCBE2A-871F-4D65-9601-5AC3047E64CC}.Release|Any CPU.ActiveCfg = Release|Any CPU
		{FEFCBE2A-871F-4D65-9601-5AC3047E64CC}.Release|Any CPU.Build.0 = Release|Any CPU
		{3A6E657C-1525-4EE0-8C8D-BF698FE9850D}.Debug|Any CPU.ActiveCfg = Debug|Any CPU
		{3A6E657C-1525-4EE0-8C8D-BF698FE9850D}.Debug|Any CPU.Build.0 = Debug|Any CPU
		{3A6E657C-1525-4EE0-8C8D-BF698FE9850D}.Release|Any CPU.ActiveCfg = Release|Any CPU
		{3A6E657C-1525-4EE0-8C8D-BF698FE9850D}.Release|Any CPU.Build.0 = Release|Any CPU
	EndGlobalSection
	GlobalSection(SolutionProperties) = preSolution
		HideSolutionNode = FALSE
	EndGlobalSection
EndGlobal
